# @generated - this file is auto-generated by `mise lock` https://mise.en.dev/dev-tools/mise-lock.html

[[tools."cargo-prebuilt:cargo-edit"]]
version = "0.13.10"
backend = "cargo-prebuilt"

[[tools.node]]
version = "24.15.0"
backend = "core:node"

[tools.node."platforms.linux-arm64"]
checksum = "sha256:73afc234d558c24919875f51c2d1ea002a2ada4ea6f83601a383869fefa64eed"
url = "https://nodejs.org/dist/v24.15.0/node-v24.15.0-linux-arm64.tar.gz"

[tools.node."platforms.linux-arm64-musl"]
checksum = "sha256:31e98aa960a067da91edffd5d93bc46657b5d2a8029612c359f5f2ac0060152a"
url = "https://unofficial-builds.nodejs.org/download/release/v24.15.0/node-v24.15.0-linux-arm64-musl.tar.gz"

[tools.node."platforms.linux-x64"]
checksum = "sha256:44836872d9aec49f1e6b52a9a922872db9a2b02d235a616a5681b6a85fec8d89"
url = "https://nodejs.org/dist/v24.15.0/node-v24.15.0-linux-x64.tar.gz"

[tools.node."platforms.linux-x64-musl"]
checksum = "sha256:f55af5bd489c5347b113ca6594cae00a54b30ba57ac5875324311bfc6f4762e3"
url = "https://unofficial-builds.nodejs.org/download/release/v24.15.0/node-v24.15.0-linux-x64-musl.tar.gz"

[tools.node."platforms.macos-arm64"]
checksum = "sha256:372331b969779ab5d15b949884fc6eaf88d5afe87bde8ba881d6400b9100ffc4"
url = "https://nodejs.org/dist/v24.15.0/node-v24.15.0-darwin-arm64.tar.gz"

[tools.node."platforms.macos-x64"]
checksum = "sha256:ffd5ee293467927f3ee731a553eb88fd1f48cf74eebc2d74a6babe4af228673b"
url = "https://nodejs.org/dist/v24.15.0/node-v24.15.0-darwin-x64.tar.gz"

[tools.node."platforms.windows-x64"]
checksum = "sha256:cc5149eabd53779ce1e7bdc5401643622d0c7e6800ade18928a767e940bb0e62"
url = "https://nodejs.org/dist/v24.15.0/node-v24.15.0-win-x64.zip"

[[tools.pnpm]]
version = "11.0.9"
backend = "aqua:pnpm/pnpm"

[tools.pnpm."platforms.linux-arm64"]
checksum = "sha256:eeb0ccc8652aa21f87ebf656724f1f3a0553e898c35699b0040698252262823e"
url = "https://github.com/pnpm/pnpm/releases/download/v11.0.9/pnpm-linux-arm64.tar.gz"

[tools.pnpm."platforms.linux-arm64-musl"]
checksum = "sha256:c9dd4f1a2049590a820e429370231b9bf7170fcedf88de8f081caefb00d8b947"
url = "https://github.com/pnpm/pnpm/releases/download/v11.0.9/pnpm-linux-arm64-musl.tar.gz"

[tools.pnpm."platforms.linux-x64"]
checksum = "sha256:ec84b7750ed24a47e55b71fba528499862bddaf8d9770b2f58a294b8692a8cbf"
url = "https://github.com/pnpm/pnpm/releases/download/v11.0.9/pnpm-linux-x64.tar.gz"
provenance = "github-attestations"

[tools.pnpm."platforms.linux-x64-musl"]
checksum = "sha256:964f716be77cab7cbd796a72bc2ec60703bccdfc8ac524fb3b5cbe7a105799b0"
url = "https://github.com/pnpm/pnpm/releases/download/v11.0.9/pnpm-linux-x64-musl.tar.gz"

[tools.pnpm."platforms.macos-arm64"]
checksum = "sha256:b7264bfdcbcee37d8fb302256fae799dd067f4e8996d7202fcb4a5a3ee2665f7"
url = "https://github.com/pnpm/pnpm/releases/download/v11.0.9/pnpm-darwin-arm64.tar.gz"

[tools.pnpm."platforms.windows-x64"]
checksum = "sha256:608c56dc746444f133ca901a5a0a32be779d28dcbcf4e7d7bf48372b005b907a"
url = "https://github.com/pnpm/pnpm/releases/download/v11.0.9/pnpm-win32-x64.zip"
